
Microsoft Visual Studio Solution File, Format Version 12.00
# Visual Studio 15
VisualStudioVersion = 15.0.27130.2027
MinimumVisualStudioVersion = 10.0.40219.1
Project("{FAE04EC0-301F-11D3-BF4B-00C04F79EFBC}") = "InstagramAppXam.Android", "InstagramAppXam\InstagramAppXam.Android\InstagramAppXam.Android.csproj", "{E0B7CBB4-0EFF-4C29-8BCA-E072C6802EF5}"
EndProject
Project("{FAE04EC0-301F-11D3-BF4B-00C04F79EFBC}") = "InstagramAppXam.iOS", "InstagramAppXam\InstagramAppXam.iOS\InstagramAppXam.iOS.csproj", "{E97F4CB5-E439-4DDF-B9AC-6AE69AAF6359}"
EndProject
Project("{FAE04EC0-301F-11D3-BF4B-00C04F79EFBC}") = "InstagramAppXam.UWP", "InstagramAppXam\InstagramAppXam.UWP\InstagramAppXam.UWP.csproj", "{970607CD-F000-4DAB-B3C5-77FB9A061BEC}"
EndProject
Project("{FAE04EC0-301F-11D3-BF4B-00C04F79EFBC}") = "InstagramAppXam", "InstagramAppXam\InstagramAppXam\InstagramAppXam.csproj", "{1D9CD7D4-2BA7-4E37-A3E6-4E87454F02A9}"
EndProject
Global
	GlobalSection(SolutionConfigurationPlatforms) = preSolution
		Ad-Hoc|Any CPU = Ad-Hoc|Any CPU
		Ad-Hoc|ARM = Ad-Hoc|ARM
		Ad-Hoc|iPhone = Ad-Hoc|iPhone
		Ad-Hoc|iPhoneSimulator = Ad-Hoc|iPhoneSimulator
		Ad-Hoc|x64 = Ad-Hoc|x64
		Ad-Hoc|x86 = Ad-Hoc|x86
		AppStore|Any CPU = AppStore|Any CPU
		AppStore|ARM = AppStore|ARM
		AppStore|iPhone = AppStore|iPhone
		AppStore|iPhoneSimulator = AppStore|iPhoneSimulator
		AppStore|x64 = AppStore|x64
		AppStore|x86 = AppStore|x86
		Debug|Any CPU = Debug|Any CPU
		Debug|ARM = Debug|ARM
		Debug|iPhone = Debug|iPhone
		Debug|iPhoneSimulator = Debug|iPhoneSimulator
		Debug|x64 = Debug|x64
		Debug|x86 = Debug|x86
		Release|Any CPU = Release|Any CPU
		Release|ARM = Release|ARM
		Release|iPhone = Release|iPhone
		Release|iPhoneSimulator = Release|iPhoneSimulator
		Release|x64 = Release|x64
		Release|x86 = Release|x86
	EndGlobalSection
	GlobalSection(ProjectConfigurationPlatforms) = postSolution
		{E0B7CBB4-0EFF-4C29-8BCA-E072C6802EF5}.Ad-Hoc|Any CPU.ActiveCfg = Release|Any CPU
		{E0B7CBB4-0EFF-4C29-8BCA-E072C6802EF5}.Ad-Hoc|Any CPU.Build.0 = Release|Any CPU
		{E0B7CBB4-0EFF-4C29-8BCA-E072C6802EF5}.Ad-Hoc|Any CPU.Deploy.0 = Release|Any CPU
		{E0B7CBB4-0EFF-4C29-8BCA-E072C6802EF5}.Ad-Hoc|ARM.ActiveCfg = Release|Any CPU
		{E0B7CBB4-0EFF-4C29-8BCA-E072C6802EF5}.Ad-Hoc|ARM.Build.0 = Release|Any CPU
		{E0B7CBB4-0EFF-4C29-8BCA-E072C6802EF5}.Ad-Hoc|ARM.Deploy.0 = Release|Any CPU
		{E0B7CBB4-0EFF-4C29-8BCA-E072C6802EF5}.Ad-Hoc|iPhone.ActiveCfg = Release|Any CPU
		{E0B7CBB4-0EFF-4C29-8BCA-E072C6802EF5}.Ad-Hoc|iPhone.Build.0 = Release|Any CPU
		{E0B7CBB4-0EFF-4C29-8BCA-E072C6802EF5}.Ad-Hoc|iPhone.Deploy.0 = Release|Any CPU
		{E0B7CBB4-0EFF-4C29-8BCA-E072C6802EF5}.Ad-Hoc|iPhoneSimulator.ActiveCfg = Release|Any CPU
		{E0B7CBB4-0EFF-4C29-8BCA-E072C6802EF5}.Ad-Hoc|iPhoneSimulator.Build.0 = Release|Any CPU
		{E0B7CBB4-0EFF-4C29-8BCA-E072C6802EF5}.Ad-Hoc|iPhoneSimulator.Deploy.0 = Release|Any CPU
		{E0B7CBB4-0EFF-4C29-8BCA-E072C6802EF5}.Ad-Hoc|x64.ActiveCfg = Release|Any CPU
		{E0B7CBB4-0EFF-4C29-8BCA-E072C6802EF5}.Ad-Hoc|x64.Build.0 = Release|Any CPU
		{E0B7CBB4-0EFF-4C29-8BCA-E072C6802EF5}.Ad-Hoc|x64.Deploy.0 = Release|Any CPU
		{E0B7CBB4-0EFF-4C29-8BCA-E072C6802EF5}.Ad-Hoc|x86.ActiveCfg = Release|Any CPU
		{E0B7CBB4-0EFF-4C29-8BCA-E072C6802EF5}.Ad-Hoc|x86.Build.0 = Release|Any CPU
		{E0B7CBB4-0EFF-4C29-8BCA-E072C6802EF5}.Ad-Hoc|x86.Deploy.0 = Release|Any CPU
		{E0B7CBB4-0EFF-4C29-8BCA-E072C6802EF5}.AppStore|Any CPU.ActiveCfg = Release|Any CPU
		{E0B7CBB4-0EFF-4C29-8BCA-E072C6802EF5}.AppStore|Any CPU.Build.0 = Release|Any CPU
		{E0B7CBB4-0EFF-4C29-8BCA-E072C6802EF5}.AppStore|Any CPU.Deploy.0 = Release|Any CPU
		{E0B7CBB4-0EFF-4C29-8BCA-E072C6802EF5}.AppStore|ARM.ActiveCfg = Release|Any CPU
		{E0B7CBB4-0EFF-4C29-8BCA-E072C6802EF5}.AppStore|ARM.Build.0 = Release|Any CPU
		{E0B7CBB4-0EFF-4C29-8BCA-E072C6802EF5}.AppStore|ARM.Deploy.0 = Release|Any CPU
		{E0B7CBB4-0EFF-4C29-8BCA-E072C6802EF5}.AppStore|iPhone.ActiveCfg = Release|Any CPU
		{E0B7CBB4-0EFF-4C29-8BCA-E072C6802EF5}.AppStore|iPhone.Build.0 = Release|Any CPU
		{E0B7CBB4-0EFF-4C29-8BCA-E072C6802EF5}.AppStore|iPhone.Deploy.0 = Release|Any CPU
		{E0B7CBB4-0EFF-4C29-8BCA-E072C6802EF5}.AppStore|iPhoneSimulator.ActiveCfg = Release|Any CPU
		{E0B7CBB4-0EFF-4C29-8BCA-E072C6802EF5}.AppStore|iPhoneSimulator.Build.0 = Release|Any CPU
		{E0B7CBB4-0EFF-4C29-8BCA-E072C6802EF5}.AppStore|iPhoneSimulator.Deploy.0 = Release|Any CPU
		{E0B7CBB4-0EFF-4C29-8BCA-E072C6802EF5}.AppStore|x64.ActiveCfg = Release|Any CPU
		{E0B7CBB4-0EFF-4C29-8BCA-E072C6802EF5}.AppStore|x64.Build.0 = Release|Any CPU
		{E0B7CBB4-0EFF-4C29-8BCA-E072C6802EF5}.AppStore|x64.Deploy.0 = Release|Any CPU
		{E0B7CBB4-0EFF-4C29-8BCA-E072C6802EF5}.AppStore|x86.ActiveCfg = Release|Any CPU
		{E0B7CBB4-0EFF-4C29-8BCA-E072C6802EF5}.AppStore|x86.Build.0 = Release|Any CPU
		{E0B7CBB4-0EFF-4C29-8BCA-E072C6802EF5}.AppStore|x86.Deploy.0 = Release|Any CPU
		{E0B7CBB4-0EFF-4C29-8BCA-E072C6802EF5}.Debug|Any CPU.ActiveCfg = Debug|Any CPU
		{E0B7CBB4-0EFF-4C29-8BCA-E072C6802EF5}.Debug|Any CPU.Build.0 = Debug|Any CPU
		{E0B7CBB4-0EFF-4C29-8BCA-E072C6802EF5}.Debug|Any CPU.Deploy.0 = Debug|Any CPU
		{E0B7CBB4-0EFF-4C29-8BCA-E072C6802EF5}.Debug|ARM.ActiveCfg = Debug|Any CPU
		{E0B7CBB4-0EFF-4C29-8BCA-E072C6802EF5}.Debug|ARM.Build.0 = Debug|Any CPU
		{E0B7CBB4-0EFF-4C29-8BCA-E072C6802EF5}.Debug|ARM.Deploy.0 = Debug|Any CPU
		{E0B7CBB4-0EFF-4C29-8BCA-E072C6802EF5}.Debug|iPhone.ActiveCfg = Debug|Any CPU
		{E0B7CBB4-0EFF-4C29-8BCA-E072C6802EF5}.Debug|iPhone.Build.0 = Debug|Any CPU
		{E0B7CBB4-0EFF-4C29-8BCA-E072C6802EF5}.Debug|iPhone.Deploy.0 = Debug|Any CPU
		{E0B7CBB4-0EFF-4C29-8BCA-E072C6802EF5}.Debug|iPhoneSimulator.ActiveCfg = Debug|Any CPU
		{E0B7CBB4-0EFF-4C29-8BCA-E072C6802EF5}.Debug|iPhoneSimulator.Build.0 = Debug|Any CPU
		{E0B7CBB4-0EFF-4C29-8BCA-E072C6802EF5}.Debug|iPhoneSimulator.Deploy.0 = Debug|Any CPU
		{E0B7CBB4-0EFF-4C29-8BCA-E072C6802EF5}.Debug|x64.ActiveCfg = Debug|Any CPU
		{E0B7CBB4-0EFF-4C29-8BCA-E072C6802EF5}.Debug|x64.Build.0 = Debug|Any CPU
		{E0B7CBB4-0EFF-4C29-8BCA-E072C6802EF5}.Debug|x64.Deploy.0 = Debug|Any CPU
		{E0B7CBB4-0EFF-4C29-8BCA-E072C6802EF5}.Debug|x86.ActiveCfg = Debug|Any CPU
		{E0B7CBB4-0EFF-4C29-8BCA-E072C6802EF5}.Debug|x86.Build.0 = Debug|Any CPU
		{E0B7CBB4-0EFF-4C29-8BCA-E072C6802EF5}.Debug|x86.Deploy.0 = Debug|Any CPU
		{E0B7CBB4-0EFF-4C29-8BCA-E072C6802EF5}.Release|Any CPU.ActiveCfg = Release|Any CPU
		{E0B7CBB4-0EFF-4C29-8BCA-E072C6802EF5}.Release|Any CPU.Build.0 = Release|Any CPU
		{E0B7CBB4-0EFF-4C29-8BCA-E072C6802EF5}.Release|Any CPU.Deploy.0 = Release|Any CPU
		{E0B7CBB4-0EFF-4C29-8BCA-E072C6802EF5}.Release|ARM.ActiveCfg = Release|Any CPU
		{E0B7CBB4-0EFF-4C29-8BCA-E072C6802EF5}.Release|ARM.Build.0 = Release|Any CPU
		{E0B7CBB4-0EFF-4C29-8BCA-E072C6802EF5}.Release|ARM.Deploy.0 = Release|Any CPU
		{E0B7CBB4-0EFF-4C29-8BCA-E072C6802EF5}.Release|iPhone.ActiveCfg = Release|Any CPU
		{E0B7CBB4-0EFF-4C29-8BCA-E072C6802EF5}.Release|iPhone.Build.0 = Release|Any CPU
		{E0B7CBB4-0EFF-4C29-8BCA-E072C6802EF5}.Release|iPhone.Deploy.0 = Release|Any CPU
		{E0B7CBB4-0EFF-4C29-8BCA-E072C6802EF5}.Release|iPhoneSimulator.ActiveCfg = Release|Any CPU
		{E0B7CBB4-0EFF-4C29-8BCA-E072C6802EF5}.Release|iPhoneSimulator.Build.0 = Release|Any CPU
		{E0B7CBB4-0EFF-4C29-8BCA-E072C6802EF5}.Release|iPhoneSimulator.Deploy.0 = Release|Any CPU
		{E0B7CBB4-0EFF-4C29-8BCA-E072C6802EF5}.Release|x64.ActiveCfg = Release|Any CPU
		{E0B7CBB4-0EFF-4C29-8BCA-E072C6802EF5}.Release|x64.Build.0 = Release|Any CPU
		{E0B7CBB4-0EFF-4C29-8BCA-E072C6802EF5}.Release|x64.Deploy.0 = Release|Any CPU
		{E0B7CBB4-0EFF-4C29-8BCA-E072C6802EF5}.Release|x86.ActiveCfg = Release|Any CPU
		{E0B7CBB4-0EFF-4C29-8BCA-E072C6802EF5}.Release|x86.Build.0 = Release|Any CPU
		{E0B7CBB4-0EFF-4C29-8BCA-E072C6802EF5}.Release|x86.Deploy.0 = Release|Any CPU
		{E97F4CB5-E439-4DDF-B9AC-6AE69AAF6359}.Ad-Hoc|Any CPU.ActiveCfg = Ad-Hoc|iPhone
		{E97F4CB5-E439-4DDF-B9AC-6AE69AAF6359}.Ad-Hoc|ARM.ActiveCfg = Ad-Hoc|iPhone
		{E97F4CB5-E439-4DDF-B9AC-6AE69AAF6359}.Ad-Hoc|iPhone.ActiveCfg = Ad-Hoc|iPhone
		{E97F4CB5-E439-4DDF-B9AC-6AE69AAF6359}.Ad-Hoc|iPhone.Build.0 = Ad-Hoc|iPhone
		{E97F4CB5-E439-4DDF-B9AC-6AE69AAF6359}.Ad-Hoc|iPhoneSimulator.ActiveCfg = Ad-Hoc|iPhoneSimulator
		{E97F4CB5-E439-4DDF-B9AC-6AE69AAF6359}.Ad-Hoc|iPhoneSimulator.Build.0 = Ad-Hoc|iPhoneSimulator
		{E97F4CB5-E439-4DDF-B9AC-6AE69AAF6359}.Ad-Hoc|x64.ActiveCfg = Ad-Hoc|iPhone
		{E97F4CB5-E439-4DDF-B9AC-6AE69AAF6359}.Ad-Hoc|x86.ActiveCfg = Ad-Hoc|iPhone
		{E97F4CB5-E439-4DDF-B9AC-6AE69AAF6359}.AppStore|Any CPU.ActiveCfg = AppStore|iPhone
		{E97F4CB5-E439-4DDF-B9AC-6AE69AAF6359}.AppStore|ARM.ActiveCfg = AppStore|iPhone
		{E97F4CB5-E439-4DDF-B9AC-6AE69AAF6359}.AppStore|iPhone.ActiveCfg = AppStore|iPhone
		{E97F4CB5-E439-4DDF-B9AC-6AE69AAF6359}.AppStore|iPhone.Build.0 = AppStore|iPhone
		{E97F4CB5-E439-4DDF-B9AC-6AE69AAF6359}.AppStore|iPhoneSimulator.ActiveCfg = AppStore|iPhoneSimulator
		{E97F4CB5-E439-4DDF-B9AC-6AE69AAF6359}.AppStore|iPhoneSimulator.Build.0 = AppStore|iPhoneSimulator
		{E97F4CB5-E439-4DDF-B9AC-6AE69AAF6359}.AppStore|x64.ActiveCfg = AppStore|iPhone
		{E97F4CB5-E439-4DDF-B9AC-6AE69AAF6359}.AppStore|x86.ActiveCfg = AppStore|iPhone
		{E97F4CB5-E439-4DDF-B9AC-6AE69AAF6359}.Debug|Any CPU.ActiveCfg = Debug|iPhone
		{E97F4CB5-E439-4DDF-B9AC-6AE69AAF6359}.Debug|ARM.ActiveCfg = Debug|iPhone
		{E97F4CB5-E439-4DDF-B9AC-6AE69AAF6359}.Debug|iPhone.ActiveCfg = Debug|iPhone
		{E97F4CB5-E439-4DDF-B9AC-6AE69AAF6359}.Debug|iPhone.Build.0 = Debug|iPhone
		{E97F4CB5-E439-4DDF-B9AC-6AE69AAF6359}.Debug|iPhoneSimulator.ActiveCfg = Debug|iPhoneSimulator
		{E97F4CB5-E439-4DDF-B9AC-6AE69AAF6359}.Debug|iPhoneSimulator.Build.0 = Debug|iPhoneSimulator
		{E97F4CB5-E439-4DDF-B9AC-6AE69AAF6359}.Debug|x64.ActiveCfg = Debug|iPhone
		{E97F4CB5-E439-4DDF-B9AC-6AE69AAF6359}.Debug|x86.ActiveCfg = Debug|iPhone
		{E97F4CB5-E439-4DDF-B9AC-6AE69AAF6359}.Release|Any CPU.ActiveCfg = Release|iPhone
		{E97F4CB5-E439-4DDF-B9AC-6AE69AAF6359}.Release|ARM.ActiveCfg = Release|iPhone
		{E97F4CB5-E439-4DDF-B9AC-6AE69AAF6359}.Release|iPhone.ActiveCfg = Release|iPhone
		{E97F4CB5-E439-4DDF-B9AC-6AE69AAF6359}.Release|iPhone.Build.0 = Release|iPhone
		{E97F4CB5-E439-4DDF-B9AC-6AE69AAF6359}.Release|iPhoneSimulator.ActiveCfg = Release|iPhoneSimulator
		{E97F4CB5-E439-4DDF-B9AC-6AE69AAF6359}.Release|iPhoneSimulator.Build.0 = Release|iPhoneSimulator
		{E97F4CB5-E439-4DDF-B9AC-6AE69AAF6359}.Release|x64.ActiveCfg = Release|iPhone
		{E97F4CB5-E439-4DDF-B9AC-6AE69AAF6359}.Release|x86.ActiveCfg = Release|iPhone
		{970607CD-F000-4DAB-B3C5-77FB9A061BEC}.Ad-Hoc|Any CPU.ActiveCfg = Release|x86
		{970607CD-F000-4DAB-B3C5-77FB9A061BEC}.Ad-Hoc|Any CPU.Build.0 = Release|x86
		{970607CD-F000-4DAB-B3C5-77FB9A061BEC}.Ad-Hoc|Any CPU.Deploy.0 = Release|x86
		{970607CD-F000-4DAB-B3C5-77FB9A061BEC}.Ad-Hoc|ARM.ActiveCfg = Release|ARM
		{970607CD-F000-4DAB-B3C5-77FB9A061BEC}.Ad-Hoc|ARM.Build.0 = Release|ARM
		{970607CD-F000-4DAB-B3C5-77FB9A061BEC}.Ad-Hoc|ARM.Deploy.0 = Release|ARM
		{970607CD-F000-4DAB-B3C5-77FB9A061BEC}.Ad-Hoc|iPhone.ActiveCfg = Release|x86
		{970607CD-F000-4DAB-B3C5-77FB9A061BEC}.Ad-Hoc|iPhone.Build.0 = Release|x86
		{970607CD-F000-4DAB-B3C5-77FB9A061BEC}.Ad-Hoc|iPhone.Deploy.0 = Release|x86
		{970607CD-F000-4DAB-B3C5-77FB9A061BEC}.Ad-Hoc|iPhoneSimulator.ActiveCfg = Release|x86
		{970607CD-F000-4DAB-B3C5-77FB9A061BEC}.Ad-Hoc|iPhoneSimulator.Build.0 = Release|x86
		{970607CD-F000-4DAB-B3C5-77FB9A061BEC}.Ad-Hoc|iPhoneSimulator.Deploy.0 = Release|x86
		{970607CD-F000-4DAB-B3C5-77FB9A061BEC}.Ad-Hoc|x64.ActiveCfg = Release|x64
		{970607CD-F000-4DAB-B3C5-77FB9A061BEC}.Ad-Hoc|x64.Build.0 = Release|x64
		{970607CD-F000-4DAB-B3C5-77FB9A061BEC}.Ad-Hoc|x64.Deploy.0 = Release|x64
		{970607CD-F000-4DAB-B3C5-77FB9A061BEC}.Ad-Hoc|x86.ActiveCfg = Release|x86
		{970607CD-F000-4DAB-B3C5-77FB9A061BEC}.Ad-Hoc|x86.Build.0 = Release|x86
		{970607CD-F000-4DAB-B3C5-77FB9A061BEC}.Ad-Hoc|x86.Deploy.0 = Release|x86
		{970607CD-F000-4DAB-B3C5-77FB9A061BEC}.AppStore|Any CPU.ActiveCfg = Release|x86
		{970607CD-F000-4DAB-B3C5-77FB9A061BEC}.AppStore|Any CPU.Build.0 = Release|x86
		{970607CD-F000-4DAB-B3C5-77FB9A061BEC}.AppStore|Any CPU.Deploy.0 = Release|x86
		{970607CD-F000-4DAB-B3C5-77FB9A061BEC}.AppStore|ARM.ActiveCfg = Release|ARM
		{970607CD-F000-4DAB-B3C5-77FB9A061BEC}.AppStore|ARM.Build.0 = Release|ARM
		{970607CD-F000-4DAB-B3C5-77FB9A061BEC}.AppStore|ARM.Deploy.0 = Release|ARM
		{970607CD-F000-4DAB-B3C5-77FB9A061BEC}.AppStore|iPhone.ActiveCfg = Release|x86
		{970607CD-F000-4DAB-B3C5-77FB9A061BEC}.AppStore|iPhone.Build.0 = Release|x86
		{970607CD-F000-4DAB-B3C5-77FB9A061BEC}.AppStore|iPhone.Deploy.0 = Release|x86
		{970607CD-F000-4DAB-B3C5-77FB9A061BEC}.AppStore|iPhoneSimulator.ActiveCfg = Release|x86
		{970607CD-F000-4DAB-B3C5-77FB9A061BEC}.AppStore|iPhoneSimulator.Build.0 = Release|x86
		{970607CD-F000-4DAB-B3C5-77FB9A061BEC}.AppStore|iPhoneSimulator.Deploy.0 = Release|x86
		{970607CD-F000-4DAB-B3C5-77FB9A061BEC}.AppStore|x64.ActiveCfg = Release|x64
		{970607CD-F000-4DAB-B3C5-77FB9A061BEC}.AppStore|x64.Build.0 = Release|x64
		{970607CD-F000-4DAB-B3C5-77FB9A061BEC}.AppStore|x64.Deploy.0 = Release|x64
		{970607CD-F000-4DAB-B3C5-77FB9A061BEC}.AppStore|x86.ActiveCfg = Release|x86
		{970607CD-F000-4DAB-B3C5-77FB9A061BEC}.AppStore|x86.Build.0 = Release|x86
		{970607CD-F000-4DAB-B3C5-77FB9A061BEC}.AppStore|x86.Deploy.0 = Release|x86
		{970607CD-F000-4DAB-B3C5-77FB9A061BEC}.Debug|Any CPU.ActiveCfg = Debug|x86
		{970607CD-F000-4DAB-B3C5-77FB9A061BEC}.Debug|ARM.ActiveCfg = Debug|ARM
		{970607CD-F000-4DAB-B3C5-77FB9A061BEC}.Debug|ARM.Build.0 = Debug|ARM
		{970607CD-F000-4DAB-B3C5-77FB9A061BEC}.Debug|ARM.Deploy.0 = Debug|ARM
		{970607CD-F000-4DAB-B3C5-77FB9A061BEC}.Debug|iPhone.ActiveCfg = Debug|x86
		{970607CD-F000-4DAB-B3C5-77FB9A061BEC}.Debug|iPhoneSimulator.ActiveCfg = Debug|x86
		{970607CD-F000-4DAB-B3C5-77FB9A061BEC}.Debug|x64.ActiveCfg = Debug|x64
		{970607CD-F000-4DAB-B3C5-77FB9A061BEC}.Debug|x64.Build.0 = Debug|x64
		{970607CD-F000-4DAB-B3C5-77FB9A061BEC}.Debug|x64.Deploy.0 = Debug|x64
		{970607CD-F000-4DAB-B3C5-77FB9A061BEC}.Debug|x86.ActiveCfg = Debug|x86
		{970607CD-F000-4DAB-B3C5-77FB9A061BEC}.Debug|x86.Build.0 = Debug|x86
		{970607CD-F000-4DAB-B3C5-77FB9A061BEC}.Debug|x86.Deploy.0 = Debug|x86
		{970607CD-F000-4DAB-B3C5-77FB9A061BEC}.Release|Any CPU.ActiveCfg = Release|x86
		{970607CD-F000-4DAB-B3C5-77FB9A061BEC}.Release|ARM.ActiveCfg = Release|ARM
		{970607CD-F000-4DAB-B3C5-77FB9A061BEC}.Release|ARM.Build.0 = Release|ARM
		{970607CD-F000-4DAB-B3C5-77FB9A061BEC}.Release|ARM.Deploy.0 = Release|ARM
		{970607CD-F000-4DAB-B3C5-77FB9A061BEC}.Release|iPhone.ActiveCfg = Release|x86
		{970607CD-F000-4DAB-B3C5-77FB9A061BEC}.Release|iPhoneSimulator.ActiveCfg = Release|x86
		{970607CD-F000-4DAB-B3C5-77FB9A061BEC}.Release|x64.ActiveCfg = Release|x64
		{970607CD-F000-4DAB-B3C5-77FB9A061BEC}.Release|x64.Build.0 = Release|x64
		{970607CD-F000-4DAB-B3C5-77FB9A061BEC}.Release|x64.Deploy.0 = Release|x64
		{970607CD-F000-4DAB-B3C5-77FB9A061BEC}.Release|x86.ActiveCfg = Release|x86
		{970607CD-F000-4DAB-B3C5-77FB9A061BEC}.Release|x86.Build.0 = Release|x86
		{970607CD-F000-4DAB-B3C5-77FB9A061BEC}.Release|x86.Deploy.0 = Release|x86
		{1D9CD7D4-2BA7-4E37-A3E6-4E87454F02A9}.Ad-Hoc|Any CPU.ActiveCfg = Debug|Any CPU
		{1D9CD7D4-2BA7-4E37-A3E6-4E87454F02A9}.Ad-Hoc|Any CPU.Build.0 = Debug|Any CPU
		{1D9CD7D4-2BA7-4E37-A3E6-4E87454F02A9}.Ad-Hoc|ARM.ActiveCfg = Debug|Any CPU
		{1D9CD7D4-2BA7-4E37-A3E6-4E87454F02A9}.Ad-Hoc|ARM.Build.0 = Debug|Any CPU
		{1D9CD7D4-2BA7-4E37-A3E6-4E87454F02A9}.Ad-Hoc|iPhone.ActiveCfg = Debug|Any CPU
		{1D9CD7D4-2BA7-4E37-A3E6-4E87454F02A9}.Ad-Hoc|iPhone.Build.0 = Debug|Any CPU
		{1D9CD7D4-2BA7-4E37-A3E6-4E87454F02A9}.Ad-Hoc|iPhoneSimulator.ActiveCfg = Debug|Any CPU
		{1D9CD7D4-2BA7-4E37-A3E6-4E87454F02A9}.Ad-Hoc|iPhoneSimulator.Build.0 = Debug|Any CPU
		{1D9CD7D4-2BA7-4E37-A3E6-4E87454F02A9}.Ad-Hoc|x64.ActiveCfg = Debug|Any CPU
		{1D9CD7D4-2BA7-4E37-A3E6-4E87454F02A9}.Ad-Hoc|x64.Build.0 = Debug|Any CPU
		{1D9CD7D4-2BA7-4E37-A3E6-4E87454F02A9}.Ad-Hoc|x86.ActiveCfg = Debug|Any CPU
		{1D9CD7D4-2BA7-4E37-A3E6-4E87454F02A9}.Ad-Hoc|x86.Build.0 = Debug|Any CPU
		{1D9CD7D4-2BA7-4E37-A3E6-4E87454F02A9}.AppStore|Any CPU.ActiveCfg = Debug|Any CPU
		{1D9CD7D4-2BA7-4E37-A3E6-4E87454F02A9}.AppStore|Any CPU.Build.0 = Debug|Any CPU
		{1D9CD7D4-2BA7-4E37-A3E6-4E87454F02A9}.AppStore|ARM.ActiveCfg = Debug|Any CPU
		{1D9CD7D4-2BA7-4E37-A3E6-4E87454F02A9}.AppStore|ARM.Build.0 = Debug|Any CPU
		{1D9CD7D4-2BA7-4E37-A3E6-4E87454F02A9}.AppStore|iPhone.ActiveCfg = Debug|Any CPU
		{1D9CD7D4-2BA7-4E37-A3E6-4E87454F02A9}.AppStore|iPhone.Build.0 = Debug|Any CPU
		{1D9CD7D4-2BA7-4E37-A3E6-4E87454F02A9}.AppStore|iPhoneSimulator.ActiveCfg = Debug|Any CPU
		{1D9CD7D4-2BA7-4E37-A3E6-4E87454F02A9}.AppStore|iPhoneSimulator.Build.0 = Debug|Any CPU
		{1D9CD7D4-2BA7-4E37-A3E6-4E87454F02A9}.AppStore|x64.ActiveCfg = Debug|Any CPU
		{1D9CD7D4-2BA7-4E37-A3E6-4E87454F02A9}.AppStore|x64.Build.0 = Debug|Any CPU
		{1D9CD7D4-2BA7-4E37-A3E6-4E87454F02A9}.AppStore|x86.ActiveCfg = Debug|Any CPU
		{1D9CD7D4-2BA7-4E37-A3E6-4E87454F02A9}.AppStore|x86.Build.0 = Debug|Any CPU
		{1D9CD7D4-2BA7-4E37-A3E6-4E87454F02A9}.Debug|Any CPU.ActiveCfg = Debug|Any CPU
		{1D9CD7D4-2BA7-4E37-A3E6-4E87454F02A9}.Debug|Any CPU.Build.0 = Debug|Any CPU
		{1D9CD7D4-2BA7-4E37-A3E6-4E87454F02A9}.Debug|ARM.ActiveCfg = Debug|Any CPU
		{1D9CD7D4-2BA7-4E37-A3E6-4E87454F02A9}.Debug|ARM.Build.0 = Debug|Any CPU
		{1D9CD7D4-2BA7-4E37-A3E6-4E87454F02A9}.Debug|iPhone.ActiveCfg = Debug|Any CPU
		{1D9CD7D4-2BA7-4E37-A3E6-4E87454F02A9}.Debug|iPhone.Build.0 = Debug|Any CPU
		{1D9CD7D4-2BA7-4E37-A3E6-4E87454F02A9}.Debug|iPhoneSimulator.ActiveCfg = Debug|Any CPU
		{1D9CD7D4-2BA7-4E37-A3E6-4E87454F02A9}.Debug|iPhoneSimulator.Build.0 = Debug|Any CPU
		{1D9CD7D4-2BA7-4E37-A3E6-4E87454F02A9}.Debug|x64.ActiveCfg = Debug|Any CPU
		{1D9CD7D4-2BA7-4E37-A3E6-4E87454F02A9}.Debug|x64.Build.0 = Debug|Any CPU
		{1D9CD7D4-2BA7-4E37-A3E6-4E87454F02A9}.Debug|x86.ActiveCfg = Debug|Any CPU
		{1D9CD7D4-2BA7-4E37-A3E6-4E87454F02A9}.Debug|x86.Build.0 = Debug|Any CPU
		{1D9CD7D4-2BA7-4E37-A3E6-4E87454F02A9}.Release|Any CPU.ActiveCfg = Release|Any CPU
		{1D9CD7D4-2BA7-4E37-A3E6-4E87454F02A9}.Release|Any CPU.Build.0 = Release|Any CPU
		{1D9CD7D4-2BA7-4E37-A3E6-4E87454F02A9}.Release|ARM.ActiveCfg = Release|Any CPU
		{1D9CD7D4-2BA7-4E37-A3E6-4E87454F02A9}.Release|ARM.Build.0 = Release|Any CPU
		{1D9CD7D4-2BA7-4E37-A3E6-4E87454F02A9}.Release|iPhone.ActiveCfg = Release|Any CPU
		{1D9CD7D4-2BA7-4E37-A3E6-4E87454F02A9}.Release|iPhone.Build.0 = Release|Any CPU
		{1D9CD7D4-2BA7-4E37-A3E6-4E87454F02A9}.Release|iPhoneSimulator.ActiveCfg = Release|Any CPU
		{1D9CD7D4-2BA7-4E37-A3E6-4E87454F02A9}.Release|iPhoneSimulator.Build.0 = Release|Any CPU
		{1D9CD7D4-2BA7-4E37-A3E6-4E87454F02A9}.Release|x64.ActiveCfg = Release|Any CPU
		{1D9CD7D4-2BA7-4E37-A3E6-4E87454F02A9}.Release|x64.Build.0 = Release|Any CPU
		{1D9CD7D4-2BA7-4E37-A3E6-4E87454F02A9}.Release|x86.ActiveCfg = Release|Any CPU
		{1D9CD7D4-2BA7-4E37-A3E6-4E87454F02A9}.Release|x86.Build.0 = Release|Any CPU
	EndGlobalSection
	GlobalSection(SolutionProperties) = preSolution
		HideSolutionNode = FALSE
	EndGlobalSection
	GlobalSection(ExtensibilityGlobals) = postSolution
		SolutionGuid = {1B0FA0A4-EE15-4252-938D-12031A1D3749}
	EndGlobalSection
EndGlobal
